
Microsoft Visual Studio Solution File, Format Version 12.00
# Visual Studio Version 16
VisualStudioVersion = 16.0.31129.286
MinimumVisualStudioVersion = 10.0.40219.1
Project("{FAE04EC0-301F-11D3-BF4B-00C04F79EFBC}") = "NH.Example.Web", "NH.Example.Web\NH.Example.Web.csproj", "{897747FC-5BBE-4AB4-8900-C25D6E5754DA}"
EndProject
Global
	GlobalSection(SolutionConfigurationPlatforms) = preSolution
		Debug|Any CPU = Debug|Any CPU
		Release|Any CPU = Release|Any CPU
	EndGlobalSection
	GlobalSection(ProjectConfigurationPlatforms) = postSolution
		{897747FC-5BBE-4AB4-8900-C25D6E5754DA}.Debug|Any CPU.ActiveCfg = Debug|Any CPU
		{897747FC-5BBE-4AB4-8900-C25D6E5754DA}.Debug|Any CPU.Build.0 = Debug|Any CPU
		{897747FC-5BBE-4AB4-8900-C25D6E5754DA}.Release|Any CPU.ActiveCfg = Release|Any CPU
		{897747FC-5BBE-4AB4-8900-C25D6E5754DA}.Release|Any CPU.Build.0 = Release|Any CPU
	EndGlobalSection
	GlobalSection(SolutionProperties) = preSolution
		HideSolutionNode = FALSE
	EndGlobalSection
	GlobalSection(ExtensibilityGlobals) = postSolution
		SolutionGuid = {B2B1BB59-5345-4946-8F39-9DA8B60A1CD8}
	EndGlobalSection
EndGlobal
